
Microsoft Visual Studio Solution File, Format Version 12.00
# Visual Studio Version 16
VisualStudioVersion = 16.0.30011.22
MinimumVisualStudioVersion = 10.0.40219.1
Project("{9A19103F-16F7-4668-BE54-9A1E7A4F7556}") = "Rooster", "Rooster\Rooster.csproj", "{FBDEC9C5-AF7A-4D2B-880D-58A10A735A2F}"
EndProject
Project("{2150E333-8FDC-42A3-9474-1A3956D46DE8}") = "Docker", "Docker", "{3F82D6BA-172D-45B8-8100-B06EBD18AFEC}"
	ProjectSection(SolutionItems) = preProject
		docker-compose.yml = docker-compose.yml
	EndProjectSection
EndProject
Project("{9A19103F-16F7-4668-BE54-9A1E7A4F7556}") = "Rooster.SqlServer", "Rooster.SqlServer\Rooster.SqlServer.csproj", "{39FCB127-420B-4821-A190-73A774B1D62B}"
EndProject
Project("{9A19103F-16F7-4668-BE54-9A1E7A4F7556}") = "Rooster.App", "Rooster.App\Rooster.App.csproj", "{C6E4EF0E-1500-4417-B9CA-017C31DE1284}"
EndProject
Project("{9A19103F-16F7-4668-BE54-9A1E7A4F7556}") = "Rooster.MongoDb", "Rooster.MongoDb\Rooster.MongoDb.csproj", "{53F7DE7A-8652-4DCB-85BF-478426F061CA}"
EndProject
Project("{9A19103F-16F7-4668-BE54-9A1E7A4F7556}") = "Rooster.Test", "Rooster.Test\Rooster.Test.csproj", "{A30D2462-E38D-4E0A-BE25-208A76FAE3A0}"
EndProject
Project("{9A19103F-16F7-4668-BE54-9A1E7A4F7556}") = "Rooster.DependencyInjection", "Rooster.DependencyInjection\Rooster.DependencyInjection.csproj", "{E6F50C18-71E9-4948-98DC-780A393A7BD5}"
EndProject
Project("{2150E333-8FDC-42A3-9474-1A3956D46DE8}") = "Source", "Source", "{9EA62D44-59DE-4BF9-A011-9FD45BE29F2D}"
EndProject
Project("{2150E333-8FDC-42A3-9474-1A3956D46DE8}") = "Tests", "Tests", "{0F406185-4A3A-4DD6-8C32-938DF3AECC17}"
EndProject
Project("{9A19103F-16F7-4668-BE54-9A1E7A4F7556}") = "Rooster.Slack", "Rooster.Slack\Rooster.Slack.csproj", "{EA8E56B4-E8EA-4997-9F21-521FC7922712}"
EndProject
Project("{9A19103F-16F7-4668-BE54-9A1E7A4F7556}") = "Rooster.AppInsights", "Rooster.AppInsights\Rooster.AppInsights.csproj", "{74CBE36A-EEF1-43B6-A6EE-6CF03BE59593}"
EndProject
Project("{9A19103F-16F7-4668-BE54-9A1E7A4F7556}") = "Rooster.Mock", "Rooster.Mock\Rooster.Mock.csproj", "{7DEE181F-E934-4FE9-9A78-0E4761584819}"
EndProject
Project("{FAE04EC0-301F-11D3-BF4B-00C04F79EFBC}") = "Rooster.HealthCheck", "Rooster.HealthCheck\Rooster.HealthCheck.csproj", "{C2009A94-77F3-42F8-9C38-0FE8A0136810}"
EndProject
Global
	GlobalSection(SolutionConfigurationPlatforms) = preSolution
		Debug|Any CPU = Debug|Any CPU
		Release|Any CPU = Release|Any CPU
	EndGlobalSection
	GlobalSection(ProjectConfigurationPlatforms) = postSolution
		{FBDEC9C5-AF7A-4D2B-880D-58A10A735A2F}.Debug|Any CPU.ActiveCfg = Debug|Any CPU
		{FBDEC9C5-AF7A-4D2B-880D-58A10A735A2F}.Debug|Any CPU.Build.0 = Debug|Any CPU
		{FBDEC9C5-AF7A-4D2B-880D-58A10A735A2F}.Release|Any CPU.ActiveCfg = Release|Any CPU
		{FBDEC9C5-AF7A-4D2B-880D-58A10A735A2F}.Release|Any CPU.Build.0 = Release|Any CPU
		{39FCB127-420B-4821-A190-73A774B1D62B}.Debug|Any CPU.ActiveCfg = Debug|Any CPU
		{39FCB127-420B-4821-A190-73A774B1D62B}.Debug|Any CPU.Build.0 = Debug|Any CPU
		{39FCB127-420B-4821-A190-73A774B1D62B}.Release|Any CPU.ActiveCfg = Release|Any CPU
		{39FCB127-420B-4821-A190-73A774B1D62B}.Release|Any CPU.Build.0 = Release|Any CPU
		{C6E4EF0E-1500-4417-B9CA-017C31DE1284}.Debug|Any CPU.ActiveCfg = Debug|Any CPU
		{C6E4EF0E-1500-4417-B9CA-017C31DE1284}.Debug|Any CPU.Build.0 = Debug|Any CPU
		{C6E4EF0E-1500-4417-B9CA-017C31DE1284}.Release|Any CPU.ActiveCfg = Release|Any CPU
		{C6E4EF0E-1500-4417-B9CA-017C31DE1284}.Release|Any CPU.Build.0 = Release|Any CPU
		{53F7DE7A-8652-4DCB-85BF-478426F061CA}.Debug|Any CPU.ActiveCfg = Debug|Any CPU
		{53F7DE7A-8652-4DCB-85BF-478426F061CA}.Debug|Any CPU.Build.0 = Debug|Any CPU
		{53F7DE7A-8652-4DCB-85BF-478426F061CA}.Release|Any CPU.ActiveCfg = Release|Any CPU
		{53F7DE7A-8652-4DCB-85BF-478426F061CA}.Release|Any CPU.Build.0 = Release|Any CPU
		{A30D2462-E38D-4E0A-BE25-208A76FAE3A0}.Debug|Any CPU.ActiveCfg = Debug|Any CPU
		{A30D2462-E38D-4E0A-BE25-208A76FAE3A0}.Debug|Any CPU.Build.0 = Debug|Any CPU
		{A30D2462-E38D-4E0A-BE25-208A76FAE3A0}.Release|Any CPU.ActiveCfg = Release|Any CPU
		{A30D2462-E38D-4E0A-BE25-208A76FAE3A0}.Release|Any CPU.Build.0 = Release|Any CPU
		{E6F50C18-71E9-4948-98DC-780A393A7BD5}.Debug|Any CPU.ActiveCfg = Debug|Any CPU
		{E6F50C18-71E9-4948-98DC-780A393A7BD5}.Debug|Any CPU.Build.0 = Debug|Any CPU
		{E6F50C18-71E9-4948-98DC-780A393A7BD5}.Release|Any CPU.ActiveCfg = Release|Any CPU
		{E6F50C18-71E9-4948-98DC-780A393A7BD5}.Release|Any CPU.Build.0 = Release|Any CPU
		{EA8E56B4-E8EA-4997-9F21-521FC7922712}.Debug|Any CPU.ActiveCfg = Debug|Any CPU
		{EA8E56B4-E8EA-4997-9F21-521FC7922712}.Debug|Any CPU.Build.0 = Debug|Any CPU
		{EA8E56B4-E8EA-4997-9F21-521FC7922712}.Release|Any CPU.ActiveCfg = Release|Any CPU
		{EA8E56B4-E8EA-4997-9F21-521FC7922712}.Release|Any CPU.Build.0 = Release|Any CPU
		{74CBE36A-EEF1-43B6-A6EE-6CF03BE59593}.Debug|Any CPU.ActiveCfg = Debug|Any CPU
		{74CBE36A-EEF1-43B6-A6EE-6CF03BE59593}.Debug|Any CPU.Build.0 = Debug|Any CPU
		{74CBE36A-EEF1-43B6-A6EE-6CF03BE59593}.Release|Any CPU.ActiveCfg = Release|Any CPU
		{74CBE36A-EEF1-43B6-A6EE-6CF03BE59593}.Release|Any CPU.Build.0 = Release|Any CPU
		{7DEE181F-E934-4FE9-9A78-0E4761584819}.Debug|Any CPU.ActiveCfg = Debug|Any CPU
		{7DEE181F-E934-4FE9-9A78-0E4761584819}.Debug|Any CPU.Build.0 = Debug|Any CPU
		{7DEE181F-E934-4FE9-9A78-0E4761584819}.Release|Any CPU.ActiveCfg = Release|Any CPU
		{7DEE181F-E934-4FE9-9A78-0E4761584819}.Release|Any CPU.Build.0 = Release|Any CPU
		{C2009A94-77F3-42F8-9C38-0FE8A0136810}.Debug|Any CPU.ActiveCfg = Debug|Any CPU
		{C2009A94-77F3-42F8-9C38-0FE8A0136810}.Debug|Any CPU.Build.0 = Debug|Any CPU
		{C2009A94-77F3-42F8-9C38-0FE8A0136810}.Release|Any CPU.ActiveCfg = Release|Any CPU
		{C2009A94-77F3-42F8-9C38-0FE8A0136810}.Release|Any CPU.Build.0 = Release|Any CPU
	EndGlobalSection
	GlobalSection(SolutionProperties) = preSolution
		HideSolutionNode = FALSE
	EndGlobalSection
	GlobalSection(NestedProjects) = preSolution
		{FBDEC9C5-AF7A-4D2B-880D-58A10A735A2F} = {9EA62D44-59DE-4BF9-A011-9FD45BE29F2D}
		{39FCB127-420B-4821-A190-73A774B1D62B} = {9EA62D44-59DE-4BF9-A011-9FD45BE29F2D}
		{C6E4EF0E-1500-4417-B9CA-017C31DE1284} = {9EA62D44-59DE-4BF9-A011-9FD45BE29F2D}
		{53F7DE7A-8652-4DCB-85BF-478426F061CA} = {9EA62D44-59DE-4BF9-A011-9FD45BE29F2D}
		{A30D2462-E38D-4E0A-BE25-208A76FAE3A0} = {0F406185-4A3A-4DD6-8C32-938DF3AECC17}
		{E6F50C18-71E9-4948-98DC-780A393A7BD5} = {9EA62D44-59DE-4BF9-A011-9FD45BE29F2D}
		{EA8E56B4-E8EA-4997-9F21-521FC7922712} = {9EA62D44-59DE-4BF9-A011-9FD45BE29F2D}
		{74CBE36A-EEF1-43B6-A6EE-6CF03BE59593} = {9EA62D44-59DE-4BF9-A011-9FD45BE29F2D}
		{7DEE181F-E934-4FE9-9A78-0E4761584819} = {9EA62D44-59DE-4BF9-A011-9FD45BE29F2D}
	EndGlobalSection
	GlobalSection(ExtensibilityGlobals) = postSolution
		SolutionGuid = {657E0A32-900A-4651-AAC2-E21776973FAC}
	EndGlobalSection
EndGlobal
